
Microsoft Visual Studio Solution File, Format Version 12.00
# Visual Studio Version 17
VisualStudioVersion = 17.7.34031.279
MinimumVisualStudioVersion = 10.0.40219.1
Project("{9A19103F-16F7-4668-BE54-9A1E7A4F7556}") = "SportsBackend", "SportsBackend\SportsBackend.csproj", "{CA57CB49-2FB7-4CA7-8AEA-9FD97A5834CD}"
EndProject
Project("{FAE04EC0-301F-11D3-BF4B-00C04F79EFBC}") = "Infrastructure", "Infrastructure\Infrastructure.csproj", "{8E00E378-EE12-4848-82A3-C2F4DEB56CCC}"
EndProject
Project("{FAE04EC0-301F-11D3-BF4B-00C04F79EFBC}") = "Core", "Core\Core.csproj", "{A6B4A514-A525-43F3-A565-E705DCC3D9F3}"
EndProject
Global
	GlobalSection(SolutionConfigurationPlatforms) = preSolution
		Debug|Any CPU = Debug|Any CPU
		Release|Any CPU = Release|Any CPU
	EndGlobalSection
	GlobalSection(ProjectConfigurationPlatforms) = postSolution
		{CA57CB49-2FB7-4CA7-8AEA-9FD97A5834CD}.Debug|Any CPU.ActiveCfg = Debug|Any CPU
		{CA57CB49-2FB7-4CA7-8AEA-9FD97A5834CD}.Debug|Any CPU.Build.0 = Debug|Any CPU
		{CA57CB49-2FB7-4CA7-8AEA-9FD97A5834CD}.Release|Any CPU.ActiveCfg = Release|Any CPU
		{CA57CB49-2FB7-4CA7-8AEA-9FD97A5834CD}.Release|Any CPU.Build.0 = Release|Any CPU
		{8E00E378-EE12-4848-82A3-C2F4DEB56CCC}.Debug|Any CPU.ActiveCfg = Debug|Any CPU
		{8E00E378-EE12-4848-82A3-C2F4DEB56CCC}.Debug|Any CPU.Build.0 = Debug|Any CPU
		{8E00E378-EE12-4848-82A3-C2F4DEB56CCC}.Release|Any CPU.ActiveCfg = Release|Any CPU
		{8E00E378-EE12-4848-82A3-C2F4DEB56CCC}.Release|Any CPU.Build.0 = Release|Any CPU
		{A6B4A514-A525-43F3-A565-E705DCC3D9F3}.Debug|Any CPU.ActiveCfg = Debug|Any CPU
		{A6B4A514-A525-43F3-A565-E705DCC3D9F3}.Debug|Any CPU.Build.0 = Debug|Any CPU
		{A6B4A514-A525-43F3-A565-E705DCC3D9F3}.Release|Any CPU.ActiveCfg = Release|Any CPU
		{A6B4A514-A525-43F3-A565-E705DCC3D9F3}.Release|Any CPU.Build.0 = Release|Any CPU
	EndGlobalSection
	GlobalSection(SolutionProperties) = preSolution
		HideSolutionNode = FALSE
	EndGlobalSection
	GlobalSection(ExtensibilityGlobals) = postSolution
		SolutionGuid = {9ED1073A-121A-4F10-B90C-2BA952F519E0}
	EndGlobalSection
EndGlobal
